{
  "name": "eslint-plugin-import-exports-imports-resolver",
  "version": "1.0.0",
  "lockfileVersion": 2,
  "requires": true,
  "packages": {
    "": {
      "name": "eslint-plugin-import-exports-imports-resolver",
      "version": "1.0.0",
      "license": "ISC",
      "dependencies": {
        "resolve.exports": "^1.1.0",
        "resolve.imports": "^1.2.6"
      }
    },
    "node_modules/pattern-key-compare": {
      "version": "1.0.0",
      "resolved": "https://registry.npmjs.org/pattern-key-compare/-/pattern-key-compare-1.0.0.tgz",
      "integrity": "sha512-7wi8a7OFmdx4Hx31+KY9kcD7gO+MWWupXtlAx7ANqoE8Pypl501FsDAPX2tSYLOuafED82A0Mv3lzeNfn82Jlg=="
    },
    "node_modules/resolve.exports": {
      "version": "1.1.0",
      "resolved": "https://registry.npmjs.org/resolve.exports/-/resolve.exports-1.1.0.tgz",
      "integrity": "sha512-J1l+Zxxp4XK3LUDZ9m60LRJF/mAe4z6a4xyabPHk7pvK5t35dACV32iIjJDFeWZFfZlO29w6SZ67knR0tHzJtQ==",
      "engines": {
        "node": ">=10"
      }
    },
    "node_modules/resolve.imports": {
      "version": "1.2.6",
      "resolved": "https://registry.npmjs.org/resolve.imports/-/resolve.imports-1.2.6.tgz",
      "integrity": "sha512-oS6NEDMwJKc9DG6xrnt1rl7o42XB7OdTTPCYa+/VhNvEgCiugxfrFWWzHgup4APM6wbRX7IjlHnV9cipyTKzXQ==",
      "dependencies": {
        "pattern-key-compare": "^1.0.0"
      }
    }
  },
  "dependencies": {
    "pattern-key-compare": {
      "version": "1.0.0",
      "resolved": "https://registry.npmjs.org/pattern-key-compare/-/pattern-key-compare-1.0.0.tgz",
      "integrity": "sha512-7wi8a7OFmdx4Hx31+KY9kcD7gO+MWWupXtlAx7ANqoE8Pypl501FsDAPX2tSYLOuafED82A0Mv3lzeNfn82Jlg=="
    },
    "resolve.exports": {
      "version": "1.1.0",
      "resolved": "https://registry.npmjs.org/resolve.exports/-/resolve.exports-1.1.0.tgz",
      "integrity": "sha512-J1l+Zxxp4XK3LUDZ9m60LRJF/mAe4z6a4xyabPHk7pvK5t35dACV32iIjJDFeWZFfZlO29w6SZ67knR0tHzJtQ=="
    },
    "resolve.imports": {
      "version": "1.2.6",
      "resolved": "https://registry.npmjs.org/resolve.imports/-/resolve.imports-1.2.6.tgz",
      "integrity": "sha512-oS6NEDMwJKc9DG6xrnt1rl7o42XB7OdTTPCYa+/VhNvEgCiugxfrFWWzHgup4APM6wbRX7IjlHnV9cipyTKzXQ==",
      "requires": {
        "pattern-key-compare": "^1.0.0"
      }
    }
  }
}
